
Microsoft Visual Studio Solution File, Format Version 12.00
# Visual Studio Version 17
VisualStudioVersion = 17.8.34330.188
MinimumVisualStudioVersion = 10.0.40219.1
Project("{FAE04EC0-301F-11D3-BF4B-00C04F79EFBC}") = "pw4", "pw4.csproj", "{F77E989A-7531-4908-AA58-83E569C98425}"
EndProject
Global
	GlobalSection(SolutionConfigurationPlatforms) = preSolution
		Debug|Any CPU = Debug|Any CPU
		Release|Any CPU = Release|Any CPU
	EndGlobalSection
	GlobalSection(ProjectConfigurationPlatforms) = postSolution
		{F77E989A-7531-4908-AA58-83E569C98425}.Debug|Any CPU.ActiveCfg = Debug|Any CPU
		{F77E989A-7531-4908-AA58-83E569C98425}.Debug|Any CPU.Build.0 = Debug|Any CPU
		{F77E989A-7531-4908-AA58-83E569C98425}.Release|Any CPU.ActiveCfg = Release|Any CPU
		{F77E989A-7531-4908-AA58-83E569C98425}.Release|Any CPU.Build.0 = Release|Any CPU
	EndGlobalSection
	GlobalSection(SolutionProperties) = preSolution
		HideSolutionNode = FALSE
	EndGlobalSection
	GlobalSection(ExtensibilityGlobals) = postSolution
		SolutionGuid = {335AAF2E-B24E-4530-9D25-B8D97620B7A7}
	EndGlobalSection
EndGlobal
